Microsoft Visual Studio Solution File, Format Version 12.00
# Visual Studio Version 17
VisualStudioVersion = 17.5.2.0
MinimumVisualStudioVersion = 10.0.40219.1
Project("{FAE04EC0-301F-11D3-BF4B-00C04F79EFBC}") = "InvoiceGen", "InvoiceGen.csproj", "{D2F846F7-89E4-0950-D7A3-358F7A863D18}"
EndProject
Global
	GlobalSection(SolutionConfigurationPlatforms) = preSolution
		Debug|Any CPU = Debug|Any CPU
		Release|Any CPU = Release|Any CPU
	EndGlobalSection
	GlobalSection(ProjectConfigurationPlatforms) = postSolution
		{D2F846F7-89E4-0950-D7A3-358F7A863D18}.Debug|Any CPU.ActiveCfg = Debug|Any CPU
		{D2F846F7-89E4-0950-D7A3-358F7A863D18}.Debug|Any CPU.Build.0 = Debug|Any CPU
		{D2F846F7-89E4-0950-D7A3-358F7A863D18}.Release|Any CPU.ActiveCfg = Release|Any CPU
		{D2F846F7-89E4-0950-D7A3-358F7A863D18}.Release|Any CPU.Build.0 = Release|Any CPU
	EndGlobalSection
	GlobalSection(SolutionProperties) = preSolution
		HideSolutionNode = FALSE
	EndGlobalSection
	GlobalSection(ExtensibilityGlobals) = postSolution
		SolutionGuid = {55890A29-208E-4799-81D9-FAE371802FC3}
	EndGlobalSection
EndGlobal
